{
  "name": "image-to-ascii",
  "version": "3.2.0",
  "lockfileVersion": 3,
  "requires": true,
  "packages": {
    "": {
      "name": "image-to-ascii",
      "version": "3.2.0",
      "license": "MIT",
      "dependencies": {
        "asciify-pixel-matrix": "^1.0.14",
        "compute-size": "^1.0.13",
        "image-parser": "^1.2.8",
        "imgpx": "^1.0.13",
        "one-by-one": "^3.2.8",
        "terminal-char-width": "^1.0.10",
        "ul": "^5.2.15"
      }
    },
    "node_modules/ansi-styles": {
      "version": "3.2.0",
      "resolved": "https://registry.npmjs.org/ansi-styles/-/ansi-styles-3.2.0.tgz",
      "integrity": "sha512-NnSOmMEYtVR2JVMIGTzynRkkaxtiq1xnFBcdQD/DnNCYPoEPsVJhM98BDyaoNOQIi7p4okdi3E27eN7GQbsUug==",
      "dependencies": {
        "color-convert": "^1.9.0"
      },
      "engines": {
        "node": ">=4"
      }
    },
    "node_modules/ansy": {
      "version": "1.0.11",
      "resolved": "https://registry.npmjs.org/ansy/-/ansy-1.0.11.tgz",
      "integrity": "sha1-IGb86gqDLaVGEQ2RrZ9Hx+zCcdQ=",
      "dependencies": {
        "ansi-styles": "^3.0.0",
        "custom-return": "^1.0.0",
        "supports-color": "^3.1.2",
        "ul": "^5.2.1"
      }
    },
    "node_modules/array-parallel": {
      "version": "0.1.3",
      "resolved": "https://registry.npmjs.org/array-parallel/-/array-parallel-0.1.3.tgz",
      "integrity": "sha1-j3hTCJJu1apHjEfmTRszS2wMlH0="
    },
    "node_modules/array-series": {
      "version": "0.1.5",
      "resolved": "https://registry.npmjs.org/array-series/-/array-series-0.1.5.tgz",
      "integrity": "sha1-3103v8XC7wdV4qpPkv6ufUtaly8="
    },
    "node_modules/asciify-pixel": {
      "version": "1.2.10",
      "resolved": "https://registry.npmjs.org/asciify-pixel/-/asciify-pixel-1.2.10.tgz",
      "integrity": "sha1-hNJ37rvHFdKS6mBIgNBS7/kzpaw=",
      "dependencies": {
        "couleurs": "^6.0.0",
        "deffy": "^2.2.1",
        "pixel-bg": "^1.0.0",
        "pixel-class": "^1.0.0",
        "pixel-white-bg": "^1.0.0",
        "ul": "^5.2.1"
      }
    },
    "node_modules/asciify-pixel-matrix": {
      "version": "1.0.14",
      "resolved": "https://registry.npmjs.org/asciify-pixel-matrix/-/asciify-pixel-matrix-1.0.14.tgz",
      "integrity": "sha512-6Lvh2eBWO9pVNhs7tzd+36cHw+QhnOYmCcPKlW4RIKvNnSzbT2kNYUV3qcBxDYr4SKMGkiXFWiNOwW5nY4N/8A==",
      "dependencies": {
        "asciify-pixel": "^1.0.0",
        "ul": "^5.2.1"
      }
    },
    "node_modules/assured": {
      "version": "1.0.10",
      "resolved": "https://registry.npmjs.org/assured/-/assured-1.0.10.tgz",
      "integrity": "sha1-DsztGpHkZIKij7e5MbPGwU5CEYs=",
      "dependencies": {
        "noop6": "^1.0.1",
        "sliced": "^1.0.1"
      }
    },
    "node_modules/cb-buffer": {
      "version": "2.1.5",
      "resolved": "https://registry.npmjs.org/cb-buffer/-/cb-buffer-2.1.5.tgz",
      "integrity": "sha1-ZY9no6g+dR1RsHpwUTY0ntFqvps="
    },
    "node_modules/color-convert": {
      "version": "1.9.0",
      "resolved": "https://registry.npmjs.org/color-convert/-/color-convert-1.9.0.tgz",
      "integrity": "sha1-Gsz5fdc5uYO/mU1W/sj5WFNkG3o=",
      "dependencies": {
        "color-name": "^1.1.1"
      }
    },
    "node_modules/color-name": {
      "version": "1.1.3",
      "resolved": "https://registry.npmjs.org/color-name/-/color-name-1.1.3.tgz",
      "integrity": "sha1-p9BVi9icQveV3UIyj3QIMcpTvCU="
    },
    "node_modules/compute-size": {
      "version": "1.0.13",
      "resolved": "https://registry.npmjs.org/compute-size/-/compute-size-1.0.13.tgz",
      "integrity": "sha512-S/fbgGZII1GRJdYjv6gX+q2x+VhhszvQKkRyxcqI4iSCXpSx68xFHFLR3y/RqvGuFNavni2cMiVp1rQU2Xb6Ag==",
      "dependencies": {
        "fixed-or-percent": "^1.0.0",
        "map-o": "^2.0.1",
        "ul": "^5.2.1"
      }
    },
    "node_modules/couleurs": {
      "version": "6.0.9",
      "resolved": "https://registry.npmjs.org/couleurs/-/couleurs-6.0.9.tgz",
      "integrity": "sha1-srKj7jfa5Rh1ye/SQ+x+eJSvvJ4=",
      "dependencies": {
        "ansy": "^1.0.0",
        "color-convert": "^1.0.0",
        "iterate-object": "^1.3.1",
        "typpy": "^2.3.1"
      }
    },
    "node_modules/cross-spawn": {
      "version": "4.0.2",
      "resolved": "https://registry.npmjs.org/cross-spawn/-/cross-spawn-4.0.2.tgz",
      "integrity": "sha1-e5JHYhwjrf3ThWAEqCPL45dCTUE=",
      "dependencies": {
        "lru-cache": "^4.0.1",
        "which": "^1.2.9"
      }
    },
    "node_modules/custom-return": {
      "version": "1.0.8",
      "resolved": "https://registry.npmjs.org/custom-return/-/custom-return-1.0.8.tgz",
      "integrity": "sha1-6Rzoi0aItls//usf2WE7kjhDe+I=",
      "dependencies": {
        "noop6": "^1.0.0"
      }
    },
    "node_modules/debug": {
      "version": "2.2.0",
      "resolved": "https://registry.npmjs.org/debug/-/debug-2.2.0.tgz",
      "integrity": "sha1-+HBX6ZWxofauaklgZkE3vFbwOdo=",
      "dependencies": {
        "ms": "0.7.1"
      }
    },
    "node_modules/deffy": {
      "version": "2.2.2",
      "resolved": "https://registry.npmjs.org/deffy/-/deffy-2.2.2.tgz",
      "integrity": "sha1-CI9AkTy0cHhlP6b2l8IG4DRx1SM=",
      "dependencies": {
        "typpy": "^2.0.0"
      }
    },
    "node_modules/err": {
      "version": "1.1.1",
      "resolved": "https://registry.npmjs.org/err/-/err-1.1.1.tgz",
      "integrity": "sha1-65KOLhGjFmSPeCgz0PlyWLpDwvg=",
      "dependencies": {
        "typpy": "^2.2.0"
      }
    },
    "node_modules/fixed-or-percent": {
      "version": "1.0.8",
      "resolved": "https://registry.npmjs.org/fixed-or-percent/-/fixed-or-percent-1.0.8.tgz",
      "integrity": "sha1-nE7glmSCTNphLY9zfniqyoZofz0=",
      "dependencies": {
        "is-percent": "^1.0.1",
        "percent-value": "^1.0.0"
      }
    },
    "node_modules/follow-redirects": {
      "version": "0.2.0",
      "resolved": "https://registry.npmjs.org/follow-redirects/-/follow-redirects-0.2.0.tgz",
      "integrity": "sha1-4CKdejiLtf97KfRPweG2LpISct8=",
      "dependencies": {
        "debug": "^2.2.0",
        "stream-consume": "^0.1.0"
      }
    },
    "node_modules/function.name": {
      "version": "1.0.9",
      "resolved": "https://registry.npmjs.org/function.name/-/function.name-1.0.9.tgz",
      "integrity": "sha1-kcRcj5HyACvGgIbGc4crYH3Yc8M=",
      "dependencies": {
        "noop6": "^1.0.1"
      }
    },
    "node_modules/gm": {
      "version": "1.23.0",
      "resolved": "https://registry.npmjs.org/gm/-/gm-1.23.0.tgz",
      "integrity": "sha1-gKL+nL8TFRUCSEZERlhGEmn1JmE=",
      "dependencies": {
        "array-parallel": "~0.1.3",
        "array-series": "~0.1.5",
        "cross-spawn": "^4.0.0",
        "debug": "~2.2.0"
      },
      "engines": {
        "node": ">= 0.10.0"
      }
    },
    "node_modules/gm-installed": {
      "version": "1.0.7",
      "resolved": "https://registry.npmjs.org/gm-installed/-/gm-installed-1.0.7.tgz",
      "integrity": "sha1-D2p/BvDhkPg8oGOaGGpDxHA4ALs=",
      "dependencies": {
        "prgm-installed": "^1.0.1"
      }
    },
    "node_modules/gm-tools": {
      "version": "1.0.8",
      "resolved": "https://registry.npmjs.org/gm-tools/-/gm-tools-1.0.8.tgz",
      "integrity": "sha1-PZx/zUEiClk8D2Ztf8LqY3dxSdY=",
      "dependencies": {
        "gm": "^1.21.1",
        "iterate-object": "^1.3.1",
        "pixel-class": "^1.0.0",
        "pngjs": "^2.2.0",
        "same-time": "^2.3.1"
      }
    },
    "node_modules/has-flag": {
      "version": "1.0.0",
      "resolved": "https://registry.npmjs.org/has-flag/-/has-flag-1.0.0.tgz",
      "integrity": "sha1-nZ55MWXOAXoA8AQYxD+UKnsdEfo=",
      "engines": {
        "node": ">=0.10.0"
      }
    },
    "node_modules/image-parser": {
      "version": "1.2.8",
      "resolved": "https://registry.npmjs.org/image-parser/-/image-parser-1.2.8.tgz",
      "integrity": "sha512-kOh01EC1ltKgnVgXdUsZJgjBhSOCLpgVh5TnNcQ5wJFZxi0J7XA0c+mjvMoKHN/sj69qmU4Y+UqRExkYtU6sFA==",
      "dependencies": {
        "cb-buffer": "^2.0.0",
        "err": "^1.1.1",
        "gm-tools": "^1.0.0",
        "lwipify": "^2.0.0",
        "noop6": "^1.0.4",
        "pixel-class": "^1.0.0"
      }
    },
    "node_modules/imgpx": {
      "version": "1.0.13",
      "resolved": "https://registry.npmjs.org/imgpx/-/imgpx-1.0.13.tgz",
      "integrity": "sha512-TkSfwp2a8ZZt7lIk4HgMBY+PjIjoh0Ggrr37R6KjF+D8RXq2FFNfGUhKuAicg7G9bF83oQGeN/Yz/GFepWHxVA==",
      "dependencies": {
        "lwip-pixels": "^1.0.0",
        "lwipify": "^2.0.0"
      }
    },
    "node_modules/is-percent": {
      "version": "1.0.9",
      "resolved": "https://registry.npmjs.org/is-percent/-/is-percent-1.0.9.tgz",
      "integrity": "sha1-c2/Z7++VEVtQJnqCWJypyIfncxc=",
      "dependencies": {
        "last-char": "^1.3.1"
      }
    },
    "node_modules/is-ssh": {
      "version": "1.3.0",
      "resolved": "https://registry.npmjs.org/is-ssh/-/is-ssh-1.3.0.tgz",
      "integrity": "sha1-6+oRaaJhTaOSpjdANmw84EnY3/Y=",
      "dependencies": {
        "protocols": "^1.1.0"
      }
    },
    "node_modules/is-windows": {
      "version": "0.1.1",
      "resolved": "https://registry.npmjs.org/is-windows/-/is-windows-0.1.1.tgz",
      "integrity": "sha1-vjEHFUMc+rzMVKs5USEPoLbQGr4=",
      "engines": {
        "node": ">=0.10.0"
      }
    },
    "node_modules/isexe": {
      "version": "2.0.0",
      "resolved": "https://registry.npmjs.org/isexe/-/isexe-2.0.0.tgz",
      "integrity": "sha1-6PvzdNxVb/iUehDcsFctYz8s+hA="
    },
    "node_modules/iterate-object": {
      "version": "1.3.2",
      "resolved": "https://registry.npmjs.org/iterate-object/-/iterate-object-1.3.2.tgz",
      "integrity": "sha1-JOwVr/pdADnog5aVohwsrh9Ftms="
    },
    "node_modules/last-char": {
      "version": "1.3.8",
      "resolved": "https://registry.npmjs.org/last-char/-/last-char-1.3.8.tgz",
      "integrity": "sha1-q+FJpPFQtmiLxoL2DGxDShUd+0Q="
    },
    "node_modules/lru-cache": {
      "version": "4.1.1",
      "resolved": "https://registry.npmjs.org/lru-cache/-/lru-cache-4.1.1.tgz",
      "integrity": "sha1-Yi4y6CSItJJ5EUpPns9F581rulU=",
      "dependencies": {
        "pseudomap": "^1.0.2",
        "yallist": "^2.1.2"
      }
    },
    "node_modules/lwip-pixels": {
      "version": "1.1.7",
      "resolved": "https://registry.npmjs.org/lwip-pixels/-/lwip-pixels-1.1.7.tgz",
      "integrity": "sha1-thY0MINcBH0xFVNA+Invj4uOORs=",
      "dependencies": {
        "pixel-class": "^1.0.0"
      }
    },
    "node_modules/lwip2": {
      "version": "1.0.12",
      "resolved": "https://registry.npmjs.org/lwip2/-/lwip2-1.0.12.tgz",
      "integrity": "sha1-mN1toYWjE9I68hhVwvN0hldQRDU=",
      "hasInstallScript": true,
      "dependencies": {
        "err": "^1.1.1",
        "gm-installed": "^1.0.0"
      }
    },
    "node_modules/lwipify": {
      "version": "2.0.9",
      "resolved": "https://registry.npmjs.org/lwipify/-/lwipify-2.0.9.tgz",
      "integrity": "sha1-VFJESKUpY0/00w2nZU5m5m3GXsY=",
      "dependencies": {
        "lwip2": "^1.0.0",
        "noop6": "^1.0.1",
        "tinyreq": "^3.1.4",
        "url-remote": "^1.1.0"
      }
    },
    "node_modules/map-o": {
      "version": "2.0.8",
      "resolved": "https://registry.npmjs.org/map-o/-/map-o-2.0.8.tgz",
      "integrity": "sha1-muh1oEd7ksCuJbBIKEvJnJdXrhY=",
      "dependencies": {
        "iterate-object": "^1.3.0"
      }
    },
    "node_modules/ms": {
      "version": "0.7.1",
      "resolved": "https://registry.npmjs.org/ms/-/ms-0.7.1.tgz",
      "integrity": "sha1-nNE8A62/8ltl7/3nzoZO6VIBcJg="
    },
    "node_modules/noop6": {
      "version": "1.0.7",
      "resolved": "https://registry.npmjs.org/noop6/-/noop6-1.0.7.tgz",
      "integrity": "sha1-lnZ78gWLpZyoy5FVk0fdyAI5+o4="
    },
    "node_modules/obj-def": {
      "version": "1.0.6",
      "resolved": "https://registry.npmjs.org/obj-def/-/obj-def-1.0.6.tgz",
      "integrity": "sha1-d1ThcohJwvk00f3SvnL+Yn7LWxQ=",
      "dependencies": {
        "deffy": "^2.2.2"
      }
    },
    "node_modules/one-by-one": {
      "version": "3.2.8",
      "resolved": "https://registry.npmjs.org/one-by-one/-/one-by-one-3.2.8.tgz",
      "integrity": "sha512-HR/pSzZdm46Xqj58K+Bu64kMbSTw8/u77AwWvV+rprO/OsuR++pPlkUJn+SmwqBGRgHKwSKQ974V3uls7crIeQ==",
      "dependencies": {
        "obj-def": "^1.0.0",
        "sliced": "^1.0.1"
      }
    },
    "node_modules/parse-url": {
      "version": "1.3.11",
      "resolved": "https://registry.npmjs.org/parse-url/-/parse-url-1.3.11.tgz",
      "integrity": "sha1-V8FUKKuKiSsfQ4aWRccR0OFEtVQ=",
      "dependencies": {
        "is-ssh": "^1.3.0",
        "protocols": "^1.4.0"
      }
    },
    "node_modules/percent-value": {
      "version": "1.0.7",
      "resolved": "https://registry.npmjs.org/percent-value/-/percent-value-1.0.7.tgz",
      "integrity": "sha1-Mp/DBAw6PnY4tIEKA0sGUrBKm0k="
    },
    "node_modules/pixel-bg": {
      "version": "1.0.8",
      "resolved": "https://registry.npmjs.org/pixel-bg/-/pixel-bg-1.0.8.tgz",
      "integrity": "sha1-JCkmScUFZlWPvwMIkPaRnhQ2bFg=",
      "dependencies": {
        "pixel-class": "^1.0.0"
      }
    },
    "node_modules/pixel-class": {
      "version": "1.0.7",
      "resolved": "https://registry.npmjs.org/pixel-class/-/pixel-class-1.0.7.tgz",
      "integrity": "sha1-kEqFjx1KDMAy1GGh5H57wOx97yM=",
      "dependencies": {
        "deffy": "^2.2.1"
      }
    },
    "node_modules/pixel-white-bg": {
      "version": "1.0.7",
      "resolved": "https://registry.npmjs.org/pixel-white-bg/-/pixel-white-bg-1.0.7.tgz",
      "integrity": "sha1-DPvFs4XkzY5dozZi+Ja8mVg5lYc=",
      "dependencies": {
        "pixel-bg": "^1.0.0"
      }
    },
    "node_modules/pngjs": {
      "version": "2.3.1",
      "resolved": "https://registry.npmjs.org/pngjs/-/pngjs-2.3.1.tgz",
      "integrity": "sha1-EdHhK5y2TWPjDBQ6Mw9MH1Z9qF8=",
      "engines": {
        "iojs": ">= 1.0.0",
        "node": ">=0.10.0"
      }
    },
    "node_modules/prgm-installed": {
      "version": "1.0.8",
      "resolved": "https://registry.npmjs.org/prgm-installed/-/prgm-installed-1.0.8.tgz",
      "integrity": "sha1-OQQyvjyhNafbeOmBUZCodBJ/M/k=",
      "dependencies": {
        "which": "^1.2.4"
      }
    },
    "node_modules/protocols": {
      "version": "1.4.6",
      "resolved": "https://registry.npmjs.org/protocols/-/protocols-1.4.6.tgz",
      "integrity": "sha1-+LsmPqG1/Xp2BNJri+Ob13Z4v4o="
    },
    "node_modules/pseudomap": {
      "version": "1.0.2",
      "resolved": "https://registry.npmjs.org/pseudomap/-/pseudomap-1.0.2.tgz",
      "integrity": "sha1-8FKijacOYYkX7wqKw0wa5aaChrM="
    },
    "node_modules/same-time": {
      "version": "2.3.3",
      "resolved": "https://registry.npmjs.org/same-time/-/same-time-2.3.3.tgz",
      "integrity": "sha1-jLRUyFxQ5eMBMthgXRZDBfymya8=",
      "dependencies": {
        "deffy": "2.0.0"
      }
    },
    "node_modules/same-time/node_modules/deffy": {
      "version": "2.0.0",
      "resolved": "https://registry.npmjs.org/deffy/-/deffy-2.0.0.tgz",
      "integrity": "sha1-+C4I7qUYxKCjCx8D7FBNJIryiTI=",
      "dependencies": {
        "typpy": "^2.0.0"
      }
    },
    "node_modules/sliced": {
      "version": "1.0.1",
      "resolved": "https://registry.npmjs.org/sliced/-/sliced-1.0.1.tgz",
      "integrity": "sha1-CzpmK10Ewxd7GSa+qCsD+Dei70E="
    },
    "node_modules/stream-consume": {
      "version": "0.1.0",
      "resolved": "https://registry.npmjs.org/stream-consume/-/stream-consume-0.1.0.tgz",
      "integrity": "sha1-pB6tGm1ggc63n2WwYZAbbY89HQ8="
    },
    "node_modules/supports-color": {
      "version": "3.2.3",
      "resolved": "https://registry.npmjs.org/supports-color/-/supports-color-3.2.3.tgz",
      "integrity": "sha1-ZawFBLOVQXHYpklGsq48u4pfVPY=",
      "dependencies": {
        "has-flag": "^1.0.0"
      },
      "engines": {
        "node": ">=0.8.0"
      }
    },
    "node_modules/terminal-char-width": {
      "version": "1.0.10",
      "resolved": "https://registry.npmjs.org/terminal-char-width/-/terminal-char-width-1.0.10.tgz",
      "integrity": "sha512-p9H7JIVM2am3v3GfQTKv+Bj1y3YiLVIsv4nfNJtZsbBM+XR4/UUiHvcsvpX+PoBjpD6xSyuX00GUkKgFXXI61A==",
      "dependencies": {
        "is-windows": "^0.1.1"
      }
    },
    "node_modules/tinyreq": {
      "version": "3.2.6",
      "resolved": "https://registry.npmjs.org/tinyreq/-/tinyreq-3.2.6.tgz",
      "integrity": "sha1-yFMN0cjAJMAjJ4Malu48YpWgCd0=",
      "dependencies": {
        "assured": "^1.0.6",
        "follow-redirects": "^0.2.0",
        "noop6": "^1.0.6",
        "ul": "^5.0.0"
      }
    },
    "node_modules/typpy": {
      "version": "2.3.9",
      "resolved": "https://registry.npmjs.org/typpy/-/typpy-2.3.9.tgz",
      "integrity": "sha1-KGZP2l6nHdcYck+J0ABgrx8Jw44=",
      "dependencies": {
        "function.name": "^1.0.3"
      }
    },
    "node_modules/ul": {
      "version": "5.2.15",
      "resolved": "https://registry.npmjs.org/ul/-/ul-5.2.15.tgz",
      "integrity": "sha512-svLEUy8xSCip5IWnsRa0UOg+2zP0Wsj4qlbjTmX6GJSmvKMHADBuHOm1dpNkWqWPIGuVSqzUkV3Cris5JrlTRQ==",
      "dependencies": {
        "deffy": "^2.2.2",
        "typpy": "^2.3.4"
      }
    },
    "node_modules/url-local": {
      "version": "1.1.6",
      "resolved": "https://registry.npmjs.org/url-local/-/url-local-1.1.6.tgz",
      "integrity": "sha1-CLA7xoyyd4ypm8R7/84wWpTxYqY=",
      "dependencies": {
        "parse-url": "^1.3.0"
      }
    },
    "node_modules/url-remote": {
      "version": "1.1.6",
      "resolved": "https://registry.npmjs.org/url-remote/-/url-remote-1.1.6.tgz",
      "integrity": "sha1-jdPuTRhroXAX2lVhCAmSLLsyIIU=",
      "dependencies": {
        "url-local": "^1.0.1"
      }
    },
    "node_modules/which": {
      "version": "1.3.0",
      "resolved": "https://registry.npmjs.org/which/-/which-1.3.0.tgz",
      "integrity": "sha512-xcJpopdamTuY5duC/KnTTNBraPK54YwpenP4lzxU8H91GudWpFv38u0CKjclE1Wi2EH2EDz5LRcHcKbCIzqGyg==",
      "dependencies": {
        "isexe": "^2.0.0"
      },
      "bin": {
        "which": "bin/which"
      }
    },
    "node_modules/yallist": {
      "version": "2.1.2",
      "resolved": "https://registry.npmjs.org/yallist/-/yallist-2.1.2.tgz",
      "integrity": "sha1-HBH5IY8HYImkfdUS+TxmmaaoHVI="
    }
  }
}
